
Microsoft Visual Studio Solution File, Format Version 11.00
# Visual Studio 2010
Project("{8BC9CEB8-8B4A-11D0-8D11-00A0C91BC942}") = "libffi", "libffi\libffi.vcxproj", "{555FAC34-B6EC-4002-94D8-02FD0CD49D85}"
EndProject
Project("{8BC9CEB8-8B4A-11D0-8D11-00A0C91BC942}") = "girepository", "gobject-introspection\girepository.vcxproj", "{68A1335A-2B12-43C9-A782-C69C981F2FE8}"
EndProject
Project("{8BC9CEB8-8B4A-11D0-8D11-00A0C91BC942}") = "_gi", "pygobject\_gi.vcxproj", "{1BE9F193-C81C-4D8D-A34C-BD36FECD05A1}"
EndProject
Project("{8BC9CEB8-8B4A-11D0-8D11-00A0C91BC942}") = "_glib", "pygobject\_glib.vcxproj", "{4E44E3FC-6F0E-4E2A-9AF2-3E765D3AD358}"
EndProject
Project("{8BC9CEB8-8B4A-11D0-8D11-00A0C91BC942}") = "_gobject", "pygobject\_gobject.vcxproj", "{5BFA5351-CDCC-49A7-96A1-A5C6D57F1947}"
EndProject
Project("{8BC9CEB8-8B4A-11D0-8D11-00A0C91BC942}") = "g-ir-compiler", "gobject-introspection\g-ir-compiler.vcxproj", "{5F755AE0-EDB3-4444-9E9A-DBF8856AD686}"
EndProject
Project("{8BC9CEB8-8B4A-11D0-8D11-00A0C91BC942}") = "g-ir-generate", "gobject-introspection\g-ir-generate.vcxproj", "{4380531C-EA46-430F-AE59-3B76CCDA23E1}"
EndProject
Project("{8BC9CEB8-8B4A-11D0-8D11-00A0C91BC942}") = "_giscanner", "gobject-introspection\_giscanner.vcxproj", "{8BFC5B6D-E2A2-4126-8A4C-2D5C962226BA}"
EndProject
Project("{8BC9CEB8-8B4A-11D0-8D11-00A0C91BC942}") = "pkg-config", "pkg-config\pkg-config.vcxproj", "{343ABE00-E5F6-48D9-AEAC-FA4B3C5903E8}"
EndProject
Project("{8BC9CEB8-8B4A-11D0-8D11-00A0C91BC942}") = "libgjs", "gjs\libgjs.vcxproj", "{9D646593-BAB3-4D77-A32D-BBBC743C7A3E}"
EndProject
Project("{8BC9CEB8-8B4A-11D0-8D11-00A0C91BC942}") = "gjs-console", "gjs\gjs-console.vcxproj", "{F6F4803E-DDD1-4898-92F9-22B2447C28CB}"
EndProject
Project("{8BC9CEB8-8B4A-11D0-8D11-00A0C91BC942}") = "gjs-module-console", "gjs\gjs-module-console.vcxproj", "{83E1A0AC-E209-4921-AE37-CFF8050D3404}"
EndProject
Project("{8BC9CEB8-8B4A-11D0-8D11-00A0C91BC942}") = "libintl", "gettext\libintl.vcxproj", "{92CF60D0-0860-4DD0-8903-560ED7D4013D}"
EndProject
Project("{8BC9CEB8-8B4A-11D0-8D11-00A0C91BC942}") = "gjs-module-langNative", "gjs\gjs-module-langNative.vcxproj", "{84AE50E0-24EB-43E9-B023-E22D0904D67E}"
EndProject
Project("{8BC9CEB8-8B4A-11D0-8D11-00A0C91BC942}") = "cairo", "cairo\cairo.vcxproj", "{1BCE48FF-3D5D-4038-892C-BF616EC7E79C}"
EndProject
Project("{8BC9CEB8-8B4A-11D0-8D11-00A0C91BC942}") = "pixman", "cairo\pixman.vcxproj", "{D57D50D7-AA5C-4761-AACA-C2CD9A295CCB}"
EndProject
Project("{8BC9CEB8-8B4A-11D0-8D11-00A0C91BC942}") = "cairo-gobject", "cairo\cairo-gobject.vcxproj", "{062C8992-1464-4A81-8778-2B7B5791A112}"
EndProject
Project("{8BC9CEB8-8B4A-11D0-8D11-00A0C91BC942}") = "librsvg", "librsvg\librsvg.vcxproj", "{12F6DC27-0956-474F-B815-F1BD54B4B3C0}"
EndProject
Project("{8BC9CEB8-8B4A-11D0-8D11-00A0C91BC942}") = "libpixbufloader-svg", "librsvg\libpixbufloader-svg.vcxproj", "{240041A8-B7F4-4DC0-BC3A-C1E28BDECC81}"
EndProject
Project("{8BC9CEB8-8B4A-11D0-8D11-00A0C91BC942}") = "libgda", "libgda\libgda.vcxproj", "{93CB4E5D-5B5E-4844-95C8-725150D39973}"
EndProject
Project("{8BC9CEB8-8B4A-11D0-8D11-00A0C91BC942}") = "gjs-module-gettextNative", "gjs\gjs-module-gettextNative.vcxproj", "{CD7F67F0-6BDA-41DA-9CA8-D92722524921}"
EndProject
Global
	GlobalSection(SolutionConfigurationPlatforms) = preSolution
		Debug|Win32 = Debug|Win32
		Release|Win32 = Release|Win32
	EndGlobalSection
	GlobalSection(ProjectConfigurationPlatforms) = postSolution
		{555FAC34-B6EC-4002-94D8-02FD0CD49D85}.Debug|Win32.ActiveCfg = Debug|Win32
		{555FAC34-B6EC-4002-94D8-02FD0CD49D85}.Debug|Win32.Build.0 = Debug|Win32
		{555FAC34-B6EC-4002-94D8-02FD0CD49D85}.Release|Win32.ActiveCfg = Release|Win32
		{555FAC34-B6EC-4002-94D8-02FD0CD49D85}.Release|Win32.Build.0 = Release|Win32
		{68A1335A-2B12-43C9-A782-C69C981F2FE8}.Debug|Win32.ActiveCfg = Debug|Win32
		{68A1335A-2B12-43C9-A782-C69C981F2FE8}.Debug|Win32.Build.0 = Debug|Win32
		{68A1335A-2B12-43C9-A782-C69C981F2FE8}.Release|Win32.ActiveCfg = Release|Win32
		{68A1335A-2B12-43C9-A782-C69C981F2FE8}.Release|Win32.Build.0 = Release|Win32
		{1BE9F193-C81C-4D8D-A34C-BD36FECD05A1}.Debug|Win32.ActiveCfg = Debug|Win32
		{1BE9F193-C81C-4D8D-A34C-BD36FECD05A1}.Debug|Win32.Build.0 = Debug|Win32
		{1BE9F193-C81C-4D8D-A34C-BD36FECD05A1}.Release|Win32.ActiveCfg = Release|Win32
		{1BE9F193-C81C-4D8D-A34C-BD36FECD05A1}.Release|Win32.Build.0 = Release|Win32
		{4E44E3FC-6F0E-4E2A-9AF2-3E765D3AD358}.Debug|Win32.ActiveCfg = Debug|Win32
		{4E44E3FC-6F0E-4E2A-9AF2-3E765D3AD358}.Debug|Win32.Build.0 = Debug|Win32
		{4E44E3FC-6F0E-4E2A-9AF2-3E765D3AD358}.Release|Win32.ActiveCfg = Release|Win32
		{4E44E3FC-6F0E-4E2A-9AF2-3E765D3AD358}.Release|Win32.Build.0 = Release|Win32
		{5BFA5351-CDCC-49A7-96A1-A5C6D57F1947}.Debug|Win32.ActiveCfg = Debug|Win32
		{5BFA5351-CDCC-49A7-96A1-A5C6D57F1947}.Debug|Win32.Build.0 = Debug|Win32
		{5BFA5351-CDCC-49A7-96A1-A5C6D57F1947}.Release|Win32.ActiveCfg = Release|Win32
		{5BFA5351-CDCC-49A7-96A1-A5C6D57F1947}.Release|Win32.Build.0 = Release|Win32
		{5F755AE0-EDB3-4444-9E9A-DBF8856AD686}.Debug|Win32.ActiveCfg = Debug|Win32
		{5F755AE0-EDB3-4444-9E9A-DBF8856AD686}.Debug|Win32.Build.0 = Debug|Win32
		{5F755AE0-EDB3-4444-9E9A-DBF8856AD686}.Release|Win32.ActiveCfg = Release|Win32
		{5F755AE0-EDB3-4444-9E9A-DBF8856AD686}.Release|Win32.Build.0 = Release|Win32
		{4380531C-EA46-430F-AE59-3B76CCDA23E1}.Debug|Win32.ActiveCfg = Debug|Win32
		{4380531C-EA46-430F-AE59-3B76CCDA23E1}.Debug|Win32.Build.0 = Debug|Win32
		{4380531C-EA46-430F-AE59-3B76CCDA23E1}.Release|Win32.ActiveCfg = Release|Win32
		{4380531C-EA46-430F-AE59-3B76CCDA23E1}.Release|Win32.Build.0 = Release|Win32
		{8BFC5B6D-E2A2-4126-8A4C-2D5C962226BA}.Debug|Win32.ActiveCfg = Debug|Win32
		{8BFC5B6D-E2A2-4126-8A4C-2D5C962226BA}.Debug|Win32.Build.0 = Debug|Win32
		{8BFC5B6D-E2A2-4126-8A4C-2D5C962226BA}.Release|Win32.ActiveCfg = Release|Win32
		{8BFC5B6D-E2A2-4126-8A4C-2D5C962226BA}.Release|Win32.Build.0 = Release|Win32
		{343ABE00-E5F6-48D9-AEAC-FA4B3C5903E8}.Debug|Win32.ActiveCfg = Debug|Win32
		{343ABE00-E5F6-48D9-AEAC-FA4B3C5903E8}.Debug|Win32.Build.0 = Debug|Win32
		{343ABE00-E5F6-48D9-AEAC-FA4B3C5903E8}.Release|Win32.ActiveCfg = Release|Win32
		{343ABE00-E5F6-48D9-AEAC-FA4B3C5903E8}.Release|Win32.Build.0 = Release|Win32
		{9D646593-BAB3-4D77-A32D-BBBC743C7A3E}.Debug|Win32.ActiveCfg = Debug|Win32
		{9D646593-BAB3-4D77-A32D-BBBC743C7A3E}.Debug|Win32.Build.0 = Debug|Win32
		{9D646593-BAB3-4D77-A32D-BBBC743C7A3E}.Release|Win32.ActiveCfg = Release|Win32
		{9D646593-BAB3-4D77-A32D-BBBC743C7A3E}.Release|Win32.Build.0 = Release|Win32
		{F6F4803E-DDD1-4898-92F9-22B2447C28CB}.Debug|Win32.ActiveCfg = Debug|Win32
		{F6F4803E-DDD1-4898-92F9-22B2447C28CB}.Debug|Win32.Build.0 = Debug|Win32
		{F6F4803E-DDD1-4898-92F9-22B2447C28CB}.Release|Win32.ActiveCfg = Release|Win32
		{F6F4803E-DDD1-4898-92F9-22B2447C28CB}.Release|Win32.Build.0 = Release|Win32
		{83E1A0AC-E209-4921-AE37-CFF8050D3404}.Debug|Win32.ActiveCfg = Debug|Win32
		{83E1A0AC-E209-4921-AE37-CFF8050D3404}.Debug|Win32.Build.0 = Debug|Win32
		{83E1A0AC-E209-4921-AE37-CFF8050D3404}.Release|Win32.ActiveCfg = Release|Win32
		{83E1A0AC-E209-4921-AE37-CFF8050D3404}.Release|Win32.Build.0 = Release|Win32
		{92CF60D0-0860-4DD0-8903-560ED7D4013D}.Debug|Win32.ActiveCfg = Debug|Win32
		{92CF60D0-0860-4DD0-8903-560ED7D4013D}.Debug|Win32.Build.0 = Debug|Win32
		{92CF60D0-0860-4DD0-8903-560ED7D4013D}.Release|Win32.ActiveCfg = Release|Win32
		{92CF60D0-0860-4DD0-8903-560ED7D4013D}.Release|Win32.Build.0 = Release|Win32
		{84AE50E0-24EB-43E9-B023-E22D0904D67E}.Debug|Win32.ActiveCfg = Debug|Win32
		{84AE50E0-24EB-43E9-B023-E22D0904D67E}.Debug|Win32.Build.0 = Debug|Win32
		{84AE50E0-24EB-43E9-B023-E22D0904D67E}.Release|Win32.ActiveCfg = Release|Win32
		{84AE50E0-24EB-43E9-B023-E22D0904D67E}.Release|Win32.Build.0 = Release|Win32
		{1BCE48FF-3D5D-4038-892C-BF616EC7E79C}.Debug|Win32.ActiveCfg = Debug|Win32
		{1BCE48FF-3D5D-4038-892C-BF616EC7E79C}.Debug|Win32.Build.0 = Debug|Win32
		{1BCE48FF-3D5D-4038-892C-BF616EC7E79C}.Release|Win32.ActiveCfg = Release|Win32
		{1BCE48FF-3D5D-4038-892C-BF616EC7E79C}.Release|Win32.Build.0 = Release|Win32
		{D57D50D7-AA5C-4761-AACA-C2CD9A295CCB}.Debug|Win32.ActiveCfg = Debug|Win32
		{D57D50D7-AA5C-4761-AACA-C2CD9A295CCB}.Debug|Win32.Build.0 = Debug|Win32
		{D57D50D7-AA5C-4761-AACA-C2CD9A295CCB}.Release|Win32.ActiveCfg = Release|Win32
		{D57D50D7-AA5C-4761-AACA-C2CD9A295CCB}.Release|Win32.Build.0 = Release|Win32
		{062C8992-1464-4A81-8778-2B7B5791A112}.Debug|Win32.ActiveCfg = Debug|Win32
		{062C8992-1464-4A81-8778-2B7B5791A112}.Debug|Win32.Build.0 = Debug|Win32
		{062C8992-1464-4A81-8778-2B7B5791A112}.Release|Win32.ActiveCfg = Release|Win32
		{062C8992-1464-4A81-8778-2B7B5791A112}.Release|Win32.Build.0 = Release|Win32
		{12F6DC27-0956-474F-B815-F1BD54B4B3C0}.Debug|Win32.ActiveCfg = Debug|Win32
		{12F6DC27-0956-474F-B815-F1BD54B4B3C0}.Debug|Win32.Build.0 = Debug|Win32
		{12F6DC27-0956-474F-B815-F1BD54B4B3C0}.Release|Win32.ActiveCfg = Release|Win32
		{12F6DC27-0956-474F-B815-F1BD54B4B3C0}.Release|Win32.Build.0 = Release|Win32
		{240041A8-B7F4-4DC0-BC3A-C1E28BDECC81}.Debug|Win32.ActiveCfg = Debug|Win32
		{240041A8-B7F4-4DC0-BC3A-C1E28BDECC81}.Debug|Win32.Build.0 = Debug|Win32
		{240041A8-B7F4-4DC0-BC3A-C1E28BDECC81}.Release|Win32.ActiveCfg = Release|Win32
		{240041A8-B7F4-4DC0-BC3A-C1E28BDECC81}.Release|Win32.Build.0 = Release|Win32
		{93CB4E5D-5B5E-4844-95C8-725150D39973}.Debug|Win32.ActiveCfg = Debug|Win32
		{93CB4E5D-5B5E-4844-95C8-725150D39973}.Debug|Win32.Build.0 = Debug|Win32
		{93CB4E5D-5B5E-4844-95C8-725150D39973}.Release|Win32.ActiveCfg = Release|Win32
		{93CB4E5D-5B5E-4844-95C8-725150D39973}.Release|Win32.Build.0 = Release|Win32
		{CD7F67F0-6BDA-41DA-9CA8-D92722524921}.Debug|Win32.ActiveCfg = Debug|Win32
		{CD7F67F0-6BDA-41DA-9CA8-D92722524921}.Debug|Win32.Build.0 = Debug|Win32
		{CD7F67F0-6BDA-41DA-9CA8-D92722524921}.Release|Win32.ActiveCfg = Release|Win32
		{CD7F67F0-6BDA-41DA-9CA8-D92722524921}.Release|Win32.Build.0 = Release|Win32
	EndGlobalSection
	GlobalSection(SolutionProperties) = preSolution
		HideSolutionNode = FALSE
	EndGlobalSection
EndGlobal
